
Microsoft Visual Studio Solution File, Format Version 12.00
# Visual Studio Version 17
VisualStudioVersion = 17.11.35312.102
MinimumVisualStudioVersion = 10.0.40219.1
Project("{FAE04EC0-301F-11D3-BF4B-00C04F79EFBC}") = "TextExtraction", "TextExtraction\TextExtraction.csproj", "{8053F8B1-41EC-4C5F-AA70-B19444512AF6}"
EndProject
Project("{FAE04EC0-301F-11D3-BF4B-00C04F79EFBC}") = "Text.Extraction.Tests", "Text.Extraction.Tests\Text.Extraction.Tests.csproj", "{FB6CABB3-49EF-45C1-B580-098DACE1411B}"
EndProject
Global
	GlobalSection(SolutionConfigurationPlatforms) = preSolution
		Debug|Any CPU = Debug|Any CPU
		Release|Any CPU = Release|Any CPU
	EndGlobalSection
	GlobalSection(ProjectConfigurationPlatforms) = postSolution
		{8053F8B1-41EC-4C5F-AA70-B19444512AF6}.Debug|Any CPU.ActiveCfg = Debug|Any CPU
		{8053F8B1-41EC-4C5F-AA70-B19444512AF6}.Debug|Any CPU.Build.0 = Debug|Any CPU
		{8053F8B1-41EC-4C5F-AA70-B19444512AF6}.Release|Any CPU.ActiveCfg = Release|Any CPU
		{8053F8B1-41EC-4C5F-AA70-B19444512AF6}.Release|Any CPU.Build.0 = Release|Any CPU
		{FB6CABB3-49EF-45C1-B580-098DACE1411B}.Debug|Any CPU.ActiveCfg = Debug|Any CPU
		{FB6CABB3-49EF-45C1-B580-098DACE1411B}.Debug|Any CPU.Build.0 = Debug|Any CPU
		{FB6CABB3-49EF-45C1-B580-098DACE1411B}.Release|Any CPU.ActiveCfg = Release|Any CPU
		{FB6CABB3-49EF-45C1-B580-098DACE1411B}.Release|Any CPU.Build.0 = Release|Any CPU
	EndGlobalSection
	GlobalSection(SolutionProperties) = preSolution
		HideSolutionNode = FALSE
	EndGlobalSection
	GlobalSection(ExtensibilityGlobals) = postSolution
		SolutionGuid = {96DDED58-B53E-4D94-9650-86D0CFFAE51C}
	EndGlobalSection
EndGlobal
